{
  "object": {
    "pins": [
      {
        "package": "DeviceKit",
        "repositoryURL": "https://github.com/devicekit/DeviceKit.git",
        "state": {
          "branch": "master",
          "revision": "769a8aefbe99c8e83650b94acf6343f06f6db20b",
          "version": null
        }
      }
    ]
  },
  "version": 1
}
